
Microsoft Visual Studio Solution File, Format Version 12.00
# Visual Studio 15
Project("{FAE04EC0-301F-11D3-BF4B-00C04F79EFBC}") = "PhotonRealtime", "PhotonRealtime.csproj", "{0044EC4D-CB8A-1407-4EAA-D8C7F40E8738}"
EndProject
Project("{FAE04EC0-301F-11D3-BF4B-00C04F79EFBC}") = "PhotonUnityNetworking.Demos", "PhotonUnityNetworking.Demos.csproj", "{21F726A6-1EC4-CC65-0051-7EB2ABFF1524}"
EndProject
Project("{FAE04EC0-301F-11D3-BF4B-00C04F79EFBC}") = "PhotonChat", "PhotonChat.csproj", "{3BC58A84-E5B6-CF66-0093-1CB37D85D3BC}"
EndProject
Project("{FAE04EC0-301F-11D3-BF4B-00C04F79EFBC}") = "Assembly-CSharp", "Assembly-CSharp.csproj", "{C07D3838-2611-9004-ADD4-DA9408D0525C}"
EndProject
Project("{FAE04EC0-301F-11D3-BF4B-00C04F79EFBC}") = "PhotonUnityNetworking", "PhotonUnityNetworking.csproj", "{9F5AEC03-4F52-9C52-EDA9-4CB317CC5E89}"
EndProject
Project("{FAE04EC0-301F-11D3-BF4B-00C04F79EFBC}") = "PhotonUnityNetworking.Editor", "PhotonUnityNetworking.Editor.csproj", "{11B4D4BE-8DF7-5BB6-641E-388D2A5E8FAC}"
EndProject
Project("{FAE04EC0-301F-11D3-BF4B-00C04F79EFBC}") = "PhotonUnityNetworking.Utilities.Culling.Editor", "PhotonUnityNetworking.Utilities.Culling.Editor.csproj", "{9951284D-E88F-5D50-81BC-7B01F6ABFC4F}"
EndProject
Project("{FAE04EC0-301F-11D3-BF4B-00C04F79EFBC}") = "PunDemos.DemoSlotcarEditor", "PunDemos.DemoSlotcarEditor.csproj", "{70D21AF4-5912-FE21-0E09-4FD96A9F5417}"
EndProject
Project("{FAE04EC0-301F-11D3-BF4B-00C04F79EFBC}") = "PhotonUnityNetworking.Utilities", "PhotonUnityNetworking.Utilities.csproj", "{5E833D03-9764-8972-C029-489A6D54198D}"
EndProject
Project("{FAE04EC0-301F-11D3-BF4B-00C04F79EFBC}") = "PhotonUnityNetworking.Utilities.PhotonPlayer.Editor", "PhotonUnityNetworking.Utilities.PhotonPlayer.Editor.csproj", "{40185AD6-BFA2-6717-00A8-C1FD45A6B053}"
EndProject
Project("{FAE04EC0-301F-11D3-BF4B-00C04F79EFBC}") = "PunDemos.DemoHubEditor", "PunDemos.DemoHubEditor.csproj", "{07028C1C-0596-383F-B5C3-C636709A1322}"
EndProject
Project("{FAE04EC0-301F-11D3-BF4B-00C04F79EFBC}") = "Assembly-CSharp-Editor", "Assembly-CSharp-Editor.csproj", "{CE24C4DF-E52A-9DF5-0A71-C9952DD832C4}"
EndProject
Global
	GlobalSection(SolutionConfigurationPlatforms) = preSolution
		Debug|Any CPU = Debug|Any CPU
		Release|Any CPU = Release|Any CPU
	EndGlobalSection
	GlobalSection(ProjectConfigurationPlatforms) = postSolution
		{0044EC4D-CB8A-1407-4EAA-D8C7F40E8738}.Debug|Any CPU.ActiveCfg = Debug|Any CPU
		{0044EC4D-CB8A-1407-4EAA-D8C7F40E8738}.Debug|Any CPU.Build.0 = Debug|Any CPU
		{0044EC4D-CB8A-1407-4EAA-D8C7F40E8738}.Release|Any CPU.ActiveCfg = Release|Any CPU
		{0044EC4D-CB8A-1407-4EAA-D8C7F40E8738}.Release|Any CPU.Build.0 = Release|Any CPU
		{21F726A6-1EC4-CC65-0051-7EB2ABFF1524}.Debug|Any CPU.ActiveCfg = Debug|Any CPU
		{21F726A6-1EC4-CC65-0051-7EB2ABFF1524}.Debug|Any CPU.Build.0 = Debug|Any CPU
		{21F726A6-1EC4-CC65-0051-7EB2ABFF1524}.Release|Any CPU.ActiveCfg = Release|Any CPU
		{21F726A6-1EC4-CC65-0051-7EB2ABFF1524}.Release|Any CPU.Build.0 = Release|Any CPU
		{3BC58A84-E5B6-CF66-0093-1CB37D85D3BC}.Debug|Any CPU.ActiveCfg = Debug|Any CPU
		{3BC58A84-E5B6-CF66-0093-1CB37D85D3BC}.Debug|Any CPU.Build.0 = Debug|Any CPU
		{3BC58A84-E5B6-CF66-0093-1CB37D85D3BC}.Release|Any CPU.ActiveCfg = Release|Any CPU
		{3BC58A84-E5B6-CF66-0093-1CB37D85D3BC}.Release|Any CPU.Build.0 = Release|Any CPU
		{C07D3838-2611-9004-ADD4-DA9408D0525C}.Debug|Any CPU.ActiveCfg = Debug|Any CPU
		{C07D3838-2611-9004-ADD4-DA9408D0525C}.Debug|Any CPU.Build.0 = Debug|Any CPU
		{C07D3838-2611-9004-ADD4-DA9408D0525C}.Release|Any CPU.ActiveCfg = Release|Any CPU
		{C07D3838-2611-9004-ADD4-DA9408D0525C}.Release|Any CPU.Build.0 = Release|Any CPU
		{9F5AEC03-4F52-9C52-EDA9-4CB317CC5E89}.Debug|Any CPU.ActiveCfg = Debug|Any CPU
		{9F5AEC03-4F52-9C52-EDA9-4CB317CC5E89}.Debug|Any CPU.Build.0 = Debug|Any CPU
		{9F5AEC03-4F52-9C52-EDA9-4CB317CC5E89}.Release|Any CPU.ActiveCfg = Release|Any CPU
		{9F5AEC03-4F52-9C52-EDA9-4CB317CC5E89}.Release|Any CPU.Build.0 = Release|Any CPU
		{11B4D4BE-8DF7-5BB6-641E-388D2A5E8FAC}.Debug|Any CPU.ActiveCfg = Debug|Any CPU
		{11B4D4BE-8DF7-5BB6-641E-388D2A5E8FAC}.Debug|Any CPU.Build.0 = Debug|Any CPU
		{11B4D4BE-8DF7-5BB6-641E-388D2A5E8FAC}.Release|Any CPU.ActiveCfg = Release|Any CPU
		{11B4D4BE-8DF7-5BB6-641E-388D2A5E8FAC}.Release|Any CPU.Build.0 = Release|Any CPU
		{9951284D-E88F-5D50-81BC-7B01F6ABFC4F}.Debug|Any CPU.ActiveCfg = Debug|Any CPU
		{9951284D-E88F-5D50-81BC-7B01F6ABFC4F}.Debug|Any CPU.Build.0 = Debug|Any CPU
		{9951284D-E88F-5D50-81BC-7B01F6ABFC4F}.Release|Any CPU.ActiveCfg = Release|Any CPU
		{9951284D-E88F-5D50-81BC-7B01F6ABFC4F}.Release|Any CPU.Build.0 = Release|Any CPU
		{70D21AF4-5912-FE21-0E09-4FD96A9F5417}.Debug|Any CPU.ActiveCfg = Debug|Any CPU
		{70D21AF4-5912-FE21-0E09-4FD96A9F5417}.Debug|Any CPU.Build.0 = Debug|Any CPU
		{70D21AF4-5912-FE21-0E09-4FD96A9F5417}.Release|Any CPU.ActiveCfg = Release|Any CPU
		{70D21AF4-5912-FE21-0E09-4FD96A9F5417}.Release|Any CPU.Build.0 = Release|Any CPU
		{5E833D03-9764-8972-C029-489A6D54198D}.Debug|Any CPU.ActiveCfg = Debug|Any CPU
		{5E833D03-9764-8972-C029-489A6D54198D}.Debug|Any CPU.Build.0 = Debug|Any CPU
		{5E833D03-9764-8972-C029-489A6D54198D}.Release|Any CPU.ActiveCfg = Release|Any CPU
		{5E833D03-9764-8972-C029-489A6D54198D}.Release|Any CPU.Build.0 = Release|Any CPU
		{40185AD6-BFA2-6717-00A8-C1FD45A6B053}.Debug|Any CPU.ActiveCfg = Debug|Any CPU
		{40185AD6-BFA2-6717-00A8-C1FD45A6B053}.Debug|Any CPU.Build.0 = Debug|Any CPU
		{40185AD6-BFA2-6717-00A8-C1FD45A6B053}.Release|Any CPU.ActiveCfg = Release|Any CPU
		{40185AD6-BFA2-6717-00A8-C1FD45A6B053}.Release|Any CPU.Build.0 = Release|Any CPU
		{07028C1C-0596-383F-B5C3-C636709A1322}.Debug|Any CPU.ActiveCfg = Debug|Any CPU
		{07028C1C-0596-383F-B5C3-C636709A1322}.Debug|Any CPU.Build.0 = Debug|Any CPU
		{07028C1C-0596-383F-B5C3-C636709A1322}.Release|Any CPU.ActiveCfg = Release|Any CPU
		{07028C1C-0596-383F-B5C3-C636709A1322}.Release|Any CPU.Build.0 = Release|Any CPU
		{CE24C4DF-E52A-9DF5-0A71-C9952DD832C4}.Debug|Any CPU.ActiveCfg = Debug|Any CPU
		{CE24C4DF-E52A-9DF5-0A71-C9952DD832C4}.Debug|Any CPU.Build.0 = Debug|Any CPU
		{CE24C4DF-E52A-9DF5-0A71-C9952DD832C4}.Release|Any CPU.ActiveCfg = Release|Any CPU
		{CE24C4DF-E52A-9DF5-0A71-C9952DD832C4}.Release|Any CPU.Build.0 = Release|Any CPU
	EndGlobalSection
	GlobalSection(SolutionProperties) = preSolution
		HideSolutionNode = FALSE
	EndGlobalSection
EndGlobal
